{
  "name": "testeaulaum",
  "version": "1.0.0",
  "lockfileVersion": 3,
  "requires": true,
  "packages": {
    "": {
      "name": "testeaulaum",
      "version": "1.0.0",
      "license": "ISC",
      "dependencies": {
        "prompt-sync": "^4.2.0",
        "typescript-require": "^0.3.0"
      },
      "devDependencies": {
        "typerscript": "^0.2.3"
      }
    },
    "node_modules/@types/node": {
      "version": "14.18.63",
      "resolved": "https://registry.npmjs.org/@types/node/-/node-14.18.63.tgz",
      "integrity": "sha512-fAtCfv4jJg+ExtXhvCkCqUKZ+4ok/JQk01qDKhL5BDDoS3AxKXhV5/MAVUZyQnSEd2GT92fkgZl0pz0Q0AzcIQ==",
      "license": "MIT"
    },
    "node_modules/@types/react": {
      "version": "16.3.11",
      "resolved": "https://registry.npmjs.org/@types/react/-/react-16.3.11.tgz",
      "integrity": "sha512-F0ZqVldV6l7FObRPfkgXg4GwWJa4tGrh1glydmx+OMOdU4K5lUnh2rlj/4uO6RnuN2OBVCzo2XiyIifEZPkCXw==",
      "dev": true,
      "license": "MIT",
      "dependencies": {
        "csstype": "^2.2.0"
      }
    },
    "node_modules/ansi-regex": {
      "version": "4.1.1",
      "resolved": "https://registry.npmjs.org/ansi-regex/-/ansi-regex-4.1.1.tgz",
      "integrity": "sha512-ILlv4k/3f6vfQ4OoP2AGvirOktlQ98ZEL1k9FaQjxa3L1abBgbuTDAdPOpvbGncC0BTVQrl+OM8xZGK6tWXt7g==",
      "license": "MIT",
      "engines": {
        "node": ">=6"
      }
    },
    "node_modules/csstype": {
      "version": "2.6.21",
      "resolved": "https://registry.npmjs.org/csstype/-/csstype-2.6.21.tgz",
      "integrity": "sha512-Z1PhmomIfypOpoMjRQB70jfvy/wxT50qW08YXO5lMIJkrdq4yOTR+AW7FqutScmB9NkLwxo+jU+kZLbofZZq/w==",
      "dev": true,
      "license": "MIT"
    },
    "node_modules/free-style": {
      "version": "2.5.1",
      "resolved": "https://registry.npmjs.org/free-style/-/free-style-2.5.1.tgz",
      "integrity": "sha512-X7dtUSTrlS1KRQBtiQ618NWIRDdRgD91IeajKCSh0fgTqArSixv+n3ea6F/OSvrvg14tPLR+yCq2s+O602+pRw==",
      "dev": true,
      "license": "MIT",
      "peer": true
    },
    "node_modules/prompt-sync": {
      "version": "4.2.0",
      "resolved": "https://registry.npmjs.org/prompt-sync/-/prompt-sync-4.2.0.tgz",
      "integrity": "sha512-BuEzzc5zptP5LsgV5MZETjDaKSWfchl5U9Luiu8SKp7iZWD5tZalOxvNcZRwv+d2phNFr8xlbxmFNcRKfJOzJw==",
      "license": "MIT",
      "dependencies": {
        "strip-ansi": "^5.0.0"
      }
    },
    "node_modules/strip-ansi": {
      "version": "5.2.0",
      "resolved": "https://registry.npmjs.org/strip-ansi/-/strip-ansi-5.2.0.tgz",
      "integrity": "sha512-DuRs1gKbBqsMKIZlrffwlug8MHkcnpjs5VPmL1PAh+mA30U0DTotfDZ0d2UUsXpPmPmMMJ6W773MaA3J+lbiWA==",
      "license": "MIT",
      "dependencies": {
        "ansi-regex": "^4.1.0"
      },
      "engines": {
        "node": ">=6"
      }
    },
    "node_modules/typerscript": {
      "version": "0.2.3",
      "resolved": "https://registry.npmjs.org/typerscript/-/typerscript-0.2.3.tgz",
      "integrity": "sha512-CUucff2vFKtVfBvukwI3D9Un1RSLHsnCKBlqJvqpSfib5PW9mFMUpaHce/seU5UqWv5yqVlkNdCH8vSw9ZY5fw==",
      "dev": true,
      "license": "ISC",
      "dependencies": {
        "@types/react": "16.3.11",
        "typescript": "^2.8.1"
      },
      "peerDependencies": {
        "typestyle": "1.5.1"
      }
    },
    "node_modules/typescript": {
      "version": "2.9.2",
      "resolved": "https://registry.npmjs.org/typescript/-/typescript-2.9.2.tgz",
      "integrity": "sha512-Gr4p6nFNaoufRIY4NMdpQRNmgxVIGMs4Fcu/ujdYk3nAZqk7supzBE9idmvfZIlH/Cuj//dvi+019qEue9lV0w==",
      "dev": true,
      "license": "Apache-2.0",
      "bin": {
        "tsc": "bin/tsc",
        "tsserver": "bin/tsserver"
      },
      "engines": {
        "node": ">=4.2.0"
      }
    },
    "node_modules/typescript-require": {
      "version": "0.3.0",
      "resolved": "https://registry.npmjs.org/typescript-require/-/typescript-require-0.3.0.tgz",
      "integrity": "sha512-mWHox/6LkZFeQyC0eXQFGbc8XZCZqSulyi5KUNfbJJIpFJnYBnJO9RELlGt9rFlCtfauxou+JcOMqeisBws92A==",
      "license": "MIT",
      "dependencies": {
        "@types/node": "^14.0.23",
        "typescript": "^3.9.6"
      },
      "engines": {
        "node": "*"
      }
    },
    "node_modules/typescript-require/node_modules/typescript": {
      "version": "3.9.10",
      "resolved": "https://registry.npmjs.org/typescript/-/typescript-3.9.10.tgz",
      "integrity": "sha512-w6fIxVE/H1PkLKcCPsFqKE7Kv7QUwhU8qQY2MueZXWx5cPZdwFupLgKK3vntcK98BtNHZtAF4LA/yl2a7k8R6Q==",
      "license": "Apache-2.0",
      "bin": {
        "tsc": "bin/tsc",
        "tsserver": "bin/tsserver"
      },
      "engines": {
        "node": ">=4.2.0"
      }
    },
    "node_modules/typestyle": {
      "version": "1.5.1",
      "resolved": "https://registry.npmjs.org/typestyle/-/typestyle-1.5.1.tgz",
      "integrity": "sha512-6V5qc2TqYUcsUAo3siKbyWOK4bJTknUDxiKk0qoel3USUDOeEw9YBvwHlmlZS8CuTQ0LKXLeI1nblQmytUBcqw==",
      "dev": true,
      "license": "MIT",
      "peer": true,
      "dependencies": {
        "free-style": "2.5.1"
      }
    }
  }
}
